
Microsoft Visual Studio Solution File, Format Version 12.00
# Visual Studio Version 17
VisualStudioVersion = 17.5.33627.172
MinimumVisualStudioVersion = 10.0.40219.1
Project("{FAE04EC0-301F-11D3-BF4B-00C04F79EFBC}") = "HW3_ZapisDoSouboru", "HW3_ZapisDoSouboru.csproj", "{6AD684A4-8575-4F1D-B2DB-AB6D325D25DD}"
EndProject
Global
	GlobalSection(SolutionConfigurationPlatforms) = preSolution
		Debug|Any CPU = Debug|Any CPU
		Release|Any CPU = Release|Any CPU
	EndGlobalSection
	GlobalSection(ProjectConfigurationPlatforms) = postSolution
		{6AD684A4-8575-4F1D-B2DB-AB6D325D25DD}.Debug|Any CPU.ActiveCfg = Debug|Any CPU
		{6AD684A4-8575-4F1D-B2DB-AB6D325D25DD}.Debug|Any CPU.Build.0 = Debug|Any CPU
		{6AD684A4-8575-4F1D-B2DB-AB6D325D25DD}.Release|Any CPU.ActiveCfg = Release|Any CPU
		{6AD684A4-8575-4F1D-B2DB-AB6D325D25DD}.Release|Any CPU.Build.0 = Release|Any CPU
	EndGlobalSection
	GlobalSection(SolutionProperties) = preSolution
		HideSolutionNode = FALSE
	EndGlobalSection
	GlobalSection(ExtensibilityGlobals) = postSolution
		SolutionGuid = {E964D8F9-7067-467C-AE39-D96EA6A111C0}
	EndGlobalSection
EndGlobal
